
Microsoft Visual Studio Solution File, Format Version 12.00
# Visual Studio Version 17
VisualStudioVersion = 17.11.35327.3
MinimumVisualStudioVersion = 10.0.40219.1
Project("{9A19103F-16F7-4668-BE54-9A1E7A4F7556}") = "Ejercicio01spMvc", "Ejercicio01spMvc\Ejercicio01spMvc.csproj", "{0F7AFB79-0A85-42E3-8A1F-6327ACDD9E99}"
EndProject
Project("{FAE04EC0-301F-11D3-BF4B-00C04F79EFBC}") = "Ejercicio02spMvc", "Ejercicio02spMvc\Ejercicio02spMvc.csproj", "{498864F2-480B-4348-BEAF-449BA105385F}"
EndProject
Project("{FAE04EC0-301F-11D3-BF4B-00C04F79EFBC}") = "Ejercicio04spMvc", "Ejercicio04spMvc\Ejercicio04spMvc.csproj", "{92A0B73A-76A4-4A5F-83D1-A3ADB35707BA}"
EndProject
Global
	GlobalSection(SolutionConfigurationPlatforms) = preSolution
		Debug|Any CPU = Debug|Any CPU
		Release|Any CPU = Release|Any CPU
	EndGlobalSection
	GlobalSection(ProjectConfigurationPlatforms) = postSolution
		{0F7AFB79-0A85-42E3-8A1F-6327ACDD9E99}.Debug|Any CPU.ActiveCfg = Debug|Any CPU
		{0F7AFB79-0A85-42E3-8A1F-6327ACDD9E99}.Debug|Any CPU.Build.0 = Debug|Any CPU
		{0F7AFB79-0A85-42E3-8A1F-6327ACDD9E99}.Release|Any CPU.ActiveCfg = Release|Any CPU
		{0F7AFB79-0A85-42E3-8A1F-6327ACDD9E99}.Release|Any CPU.Build.0 = Release|Any CPU
		{498864F2-480B-4348-BEAF-449BA105385F}.Debug|Any CPU.ActiveCfg = Debug|Any CPU
		{498864F2-480B-4348-BEAF-449BA105385F}.Debug|Any CPU.Build.0 = Debug|Any CPU
		{498864F2-480B-4348-BEAF-449BA105385F}.Release|Any CPU.ActiveCfg = Release|Any CPU
		{498864F2-480B-4348-BEAF-449BA105385F}.Release|Any CPU.Build.0 = Release|Any CPU
		{92A0B73A-76A4-4A5F-83D1-A3ADB35707BA}.Debug|Any CPU.ActiveCfg = Debug|Any CPU
		{92A0B73A-76A4-4A5F-83D1-A3ADB35707BA}.Debug|Any CPU.Build.0 = Debug|Any CPU
		{92A0B73A-76A4-4A5F-83D1-A3ADB35707BA}.Release|Any CPU.ActiveCfg = Release|Any CPU
		{92A0B73A-76A4-4A5F-83D1-A3ADB35707BA}.Release|Any CPU.Build.0 = Release|Any CPU
	EndGlobalSection
	GlobalSection(SolutionProperties) = preSolution
		HideSolutionNode = FALSE
	EndGlobalSection
	GlobalSection(ExtensibilityGlobals) = postSolution
		SolutionGuid = {34FC0EE3-AF14-45BE-9BEA-C441294B721B}
	EndGlobalSection
EndGlobal
